// !$*UTF8*$!
{
	archiveVersion = 1;
	classes = {
	};
	objectVersion = 56;
	objects = {

/* Begin PBXBuildFile section */
		E50B0B512AE98FAC0038DDB4 /* ConstraintsManager.swift in Sources */ = {isa = PBXBuildFile; fileRef = E50B0B502AE98FAC0038DDB4 /* ConstraintsManager.swift */; };
		E530C65F2AE94C0800B91C48 /* LaunchScreen.swift in Sources */ = {isa = PBXBuildFile; fileRef = E530C65E2AE94C0800B91C48 /* LaunchScreen.swift */; };
		E530C6612AE951FD00B91C48 /* LaunchScreenII.storyboard in Resources */ = {isa = PBXBuildFile; fileRef = E530C6602AE951FD00B91C48 /* LaunchScreenII.storyboard */; };
		E57B35952ADEDCF200F037DC /* PassionsViewCell.swift in Sources */ = {isa = PBXBuildFile; fileRef = E57B35942ADEDCF200F037DC /* PassionsViewCell.swift */; };
		E57B35992AE1390500F037DC /* MyCertificatesViewCell.swift in Sources */ = {isa = PBXBuildFile; fileRef = E57B35982AE1390500F037DC /* MyCertificatesViewCell.swift */; };
		E585E1852B18ED60001B7B11 /* MyEducationViewCell.swift in Sources */ = {isa = PBXBuildFile; fileRef = E585E1842B18ED60001B7B11 /* MyEducationViewCell.swift */; };
		E596E67D2AF91F3A00151415 /* CustomButton.swift in Sources */ = {isa = PBXBuildFile; fileRef = E596E67C2AF91F3A00151415 /* CustomButton.swift */; };
		E596E67F2AF9225600151415 /* CustomButtonAttributedText.swift in Sources */ = {isa = PBXBuildFile; fileRef = E596E67E2AF9225600151415 /* CustomButtonAttributedText.swift */; };
		E597B7C82AEFC53300DC3081 /* click.wav in Resources */ = {isa = PBXBuildFile; fileRef = E597B7C72AEFC53200DC3081 /* click.wav */; };
		E597B7CA2AEFC67D00DC3081 /* pop-up.wav in Resources */ = {isa = PBXBuildFile; fileRef = E597B7C92AEFC67D00DC3081 /* pop-up.wav */; };
		E599174E2AFBC32600B02D60 /* ScreenSizeManager.swift in Sources */ = {isa = PBXBuildFile; fileRef = E599174D2AFBC32600B02D60 /* ScreenSizeManager.swift */; };
		E5B3AEAB2AE2FBB700D0A9F5 /* LaunchScreen.storyboard in Resources */ = {isa = PBXBuildFile; fileRef = E5B3AEAA2AE2FBB700D0A9F5 /* LaunchScreen.storyboard */; };
		E5BF06DC2AD942D900195F5F /* AboutMeModel.swift in Sources */ = {isa = PBXBuildFile; fileRef = E5BF06DB2AD942D900195F5F /* AboutMeModel.swift */; };
		E5BF06DF2AD9430900195F5F /* CareerGoalsModel.swift in Sources */ = {isa = PBXBuildFile; fileRef = E5BF06DE2AD9430900195F5F /* CareerGoalsModel.swift */; };
		E5BF06E22AD9435700195F5F /* EducationModel.swift in Sources */ = {isa = PBXBuildFile; fileRef = E5BF06E12AD9435700195F5F /* EducationModel.swift */; };
		E5BF06E52AD9439800195F5F /* ExperienceModel.swift in Sources */ = {isa = PBXBuildFile; fileRef = E5BF06E42AD9439800195F5F /* ExperienceModel.swift */; };
		E5BF06E82AD943DF00195F5F /* PassionsModel.swift in Sources */ = {isa = PBXBuildFile; fileRef = E5BF06E72AD943DF00195F5F /* PassionsModel.swift */; };
		E5BF06EB2AD9499F00195F5F /* ContactsModel.swift in Sources */ = {isa = PBXBuildFile; fileRef = E5BF06EA2AD9499F00195F5F /* ContactsModel.swift */; };
		E5BF06FE2AD9FF4C00195F5F /* Nunito-Regular.ttf in Resources */ = {isa = PBXBuildFile; fileRef = E5BF06EE2AD9FF4B00195F5F /* Nunito-Regular.ttf */; };
		E5BF06FF2AD9FF4C00195F5F /* Nunito-Black.ttf in Resources */ = {isa = PBXBuildFile; fileRef = E5BF06EF2AD9FF4B00195F5F /* Nunito-Black.ttf */; };
		E5BF07012AD9FF4C00195F5F /* Nunito-ExtraBold.ttf in Resources */ = {isa = PBXBuildFile; fileRef = E5BF06F12AD9FF4C00195F5F /* Nunito-ExtraBold.ttf */; };
		E5BF07022AD9FF4C00195F5F /* Nunito-ExtraLight.ttf in Resources */ = {isa = PBXBuildFile; fileRef = E5BF06F22AD9FF4C00195F5F /* Nunito-ExtraLight.ttf */; };
		E5BF07052AD9FF4C00195F5F /* Nunito-Light.ttf in Resources */ = {isa = PBXBuildFile; fileRef = E5BF06F52AD9FF4C00195F5F /* Nunito-Light.ttf */; };
		E5BF07072AD9FF4C00195F5F /* Nunito-SemiBold.ttf in Resources */ = {isa = PBXBuildFile; fileRef = E5BF06F72AD9FF4C00195F5F /* Nunito-SemiBold.ttf */; };
		E5BF070B2AD9FF4C00195F5F /* Nunito-Bold.ttf in Resources */ = {isa = PBXBuildFile; fileRef = E5BF06FB2AD9FF4C00195F5F /* Nunito-Bold.ttf */; };
		E5BF070C2AD9FF4C00195F5F /* Nunito-Medium.ttf in Resources */ = {isa = PBXBuildFile; fileRef = E5BF06FC2AD9FF4C00195F5F /* Nunito-Medium.ttf */; };
		E5C619772AD196B1007C1EFB /* AppDelegate.swift in Sources */ = {isa = PBXBuildFile; fileRef = E5C619762AD196B1007C1EFB /* AppDelegate.swift */; };
		E5C619792AD196B1007C1EFB /* SceneDelegate.swift in Sources */ = {isa = PBXBuildFile; fileRef = E5C619782AD196B1007C1EFB /* SceneDelegate.swift */; };
		E5C6197B2AD196B1007C1EFB /* AboutMeViewController.swift in Sources */ = {isa = PBXBuildFile; fileRef = E5C6197A2AD196B1007C1EFB /* AboutMeViewController.swift */; };
		E5C619802AD196B2007C1EFB /* Assets.xcassets in Resources */ = {isa = PBXBuildFile; fileRef = E5C6197F2AD196B2007C1EFB /* Assets.xcassets */; };
		E5C6198E2AD1A163007C1EFB /* CareerGoalsViewController.swift in Sources */ = {isa = PBXBuildFile; fileRef = E5C6198D2AD1A163007C1EFB /* CareerGoalsViewController.swift */; };
		E5C619902AD1A173007C1EFB /* EducationViewController.swift in Sources */ = {isa = PBXBuildFile; fileRef = E5C6198F2AD1A173007C1EFB /* EducationViewController.swift */; };
		E5C619922AD1A185007C1EFB /* ExperienceViewController.swift in Sources */ = {isa = PBXBuildFile; fileRef = E5C619912AD1A185007C1EFB /* ExperienceViewController.swift */; };
		E5C619942AD1A198007C1EFB /* PassionsViewController.swift in Sources */ = {isa = PBXBuildFile; fileRef = E5C619932AD1A198007C1EFB /* PassionsViewController.swift */; };
		E5C619962AD1A4AD007C1EFB /* TabBarViewController.swift in Sources */ = {isa = PBXBuildFile; fileRef = E5C619952AD1A4AD007C1EFB /* TabBarViewController.swift */; };
		E5C619A02AD3FBBC007C1EFB /* ContactsSheetViewController.swift in Sources */ = {isa = PBXBuildFile; fileRef = E5C6199F2AD3FBBC007C1EFB /* ContactsSheetViewController.swift */; };
		E5C619AD2AD54092007C1EFB /* AboutMeTableViewCell.swift in Sources */ = {isa = PBXBuildFile; fileRef = E5C619AC2AD54092007C1EFB /* AboutMeTableViewCell.swift */; };
		E5C619B02AD554C4007C1EFB /* CustomView.swift in Sources */ = {isa = PBXBuildFile; fileRef = E5C619AF2AD554C4007C1EFB /* CustomView.swift */; };
		E5C619B62AD58E0E007C1EFB /* LanguagesViewCell.swift in Sources */ = {isa = PBXBuildFile; fileRef = E5C619B52AD58E0E007C1EFB /* LanguagesViewCell.swift */; };
		E5C619B82AD59739007C1EFB /* LocationViewCell.swift in Sources */ = {isa = PBXBuildFile; fileRef = E5C619B72AD59739007C1EFB /* LocationViewCell.swift */; };
		E5C619BA2AD59D04007C1EFB /* Identifiers.swift in Sources */ = {isa = PBXBuildFile; fileRef = E5C619B92AD59D04007C1EFB /* Identifiers.swift */; };
		E5C619BC2AD5B811007C1EFB /* SkillsViewCell.swift in Sources */ = {isa = PBXBuildFile; fileRef = E5C619BB2AD5B811007C1EFB /* SkillsViewCell.swift */; };
		E5C619BE2AD60DBA007C1EFB /* EducationViewCell.swift in Sources */ = {isa = PBXBuildFile; fileRef = E5C619BD2AD60DBA007C1EFB /* EducationViewCell.swift */; };
		E5C619C02AD612E3007C1EFB /* CertificateViewCell.swift in Sources */ = {isa = PBXBuildFile; fileRef = E5C619BF2AD612E3007C1EFB /* CertificateViewCell.swift */; };
		E5C619C22AD727D1007C1EFB /* ExperienceViewCell.swift in Sources */ = {isa = PBXBuildFile; fileRef = E5C619C12AD727D0007C1EFB /* ExperienceViewCell.swift */; };
		E5FA236E2BE9FDCA00C8FEFA /* SizeManager.swift in Sources */ = {isa = PBXBuildFile; fileRef = E5FA236D2BE9FDCA00C8FEFA /* SizeManager.swift */; };
/* End PBXBuildFile section */

/* Begin PBXFileReference section */
		E50B0B502AE98FAC0038DDB4 /* ConstraintsManager.swift */ = {isa = PBXFileReference; lastKnownFileType = sourcecode.swift; path = ConstraintsManager.swift; sourceTree = "<group>"; };
		E530C65E2AE94C0800B91C48 /* LaunchScreen.swift */ = {isa = PBXFileReference; lastKnownFileType = sourcecode.swift; path = LaunchScreen.swift; sourceTree = "<group>"; };
		E530C6602AE951FD00B91C48 /* LaunchScreenII.storyboard */ = {isa = PBXFileReference; lastKnownFileType = file.storyboard; path = LaunchScreenII.storyboard; sourceTree = "<group>"; };
		E57B35942ADEDCF200F037DC /* PassionsViewCell.swift */ = {isa = PBXFileReference; lastKnownFileType = sourcecode.swift; path = PassionsViewCell.swift; sourceTree = "<group>"; };
		E57B35982AE1390500F037DC /* MyCertificatesViewCell.swift */ = {isa = PBXFileReference; lastKnownFileType = sourcecode.swift; path = MyCertificatesViewCell.swift; sourceTree = "<group>"; };
		E585E1842B18ED60001B7B11 /* MyEducationViewCell.swift */ = {isa = PBXFileReference; lastKnownFileType = sourcecode.swift; path = MyEducationViewCell.swift; sourceTree = "<group>"; };
		E596E67C2AF91F3A00151415 /* CustomButton.swift */ = {isa = PBXFileReference; lastKnownFileType = sourcecode.swift; path = CustomButton.swift; sourceTree = "<group>"; };
		E596E67E2AF9225600151415 /* CustomButtonAttributedText.swift */ = {isa = PBXFileReference; lastKnownFileType = sourcecode.swift; path = CustomButtonAttributedText.swift; sourceTree = "<group>"; };
		E597B7C72AEFC53200DC3081 /* click.wav */ = {isa = PBXFileReference; lastKnownFileType = audio.wav; path = click.wav; sourceTree = "<group>"; };
		E597B7C92AEFC67D00DC3081 /* pop-up.wav */ = {isa = PBXFileReference; lastKnownFileType = audio.wav; path = "pop-up.wav"; sourceTree = "<group>"; };
		E599174D2AFBC32600B02D60 /* ScreenSizeManager.swift */ = {isa = PBXFileReference; lastKnownFileType = sourcecode.swift; path = ScreenSizeManager.swift; sourceTree = "<group>"; };
		E5B3AEAA2AE2FBB700D0A9F5 /* LaunchScreen.storyboard */ = {isa = PBXFileReference; lastKnownFileType = file.storyboard; path = LaunchScreen.storyboard; sourceTree = "<group>"; };
		E5BF06DB2AD942D900195F5F /* AboutMeModel.swift */ = {isa = PBXFileReference; lastKnownFileType = sourcecode.swift; path = AboutMeModel.swift; sourceTree = "<group>"; };
		E5BF06DE2AD9430900195F5F /* CareerGoalsModel.swift */ = {isa = PBXFileReference; lastKnownFileType = sourcecode.swift; path = CareerGoalsModel.swift; sourceTree = "<group>"; };
		E5BF06E12AD9435700195F5F /* EducationModel.swift */ = {isa = PBXFileReference; lastKnownFileType = sourcecode.swift; path = EducationModel.swift; sourceTree = "<group>"; };
		E5BF06E42AD9439800195F5F /* ExperienceModel.swift */ = {isa = PBXFileReference; lastKnownFileType = sourcecode.swift; path = ExperienceModel.swift; sourceTree = "<group>"; };
		E5BF06E72AD943DF00195F5F /* PassionsModel.swift */ = {isa = PBXFileReference; lastKnownFileType = sourcecode.swift; path = PassionsModel.swift; sourceTree = "<group>"; };
		E5BF06EA2AD9499F00195F5F /* ContactsModel.swift */ = {isa = PBXFileReference; lastKnownFileType = sourcecode.swift; path = ContactsModel.swift; sourceTree = "<group>"; };
		E5BF06EE2AD9FF4B00195F5F /* Nunito-Regular.ttf */ = {isa = PBXFileReference; lastKnownFileType = file; path = "Nunito-Regular.ttf"; sourceTree = "<group>"; };
		E5BF06EF2AD9FF4B00195F5F /* Nunito-Black.ttf */ = {isa = PBXFileReference; lastKnownFileType = file; path = "Nunito-Black.ttf"; sourceTree = "<group>"; };
		E5BF06F12AD9FF4C00195F5F /* Nunito-ExtraBold.ttf */ = {isa = PBXFileReference; lastKnownFileType = file; path = "Nunito-ExtraBold.ttf"; sourceTree = "<group>"; };
		E5BF06F22AD9FF4C00195F5F /* Nunito-ExtraLight.ttf */ = {isa = PBXFileReference; lastKnownFileType = file; path = "Nunito-ExtraLight.ttf"; sourceTree = "<group>"; };
		E5BF06F52AD9FF4C00195F5F /* Nunito-Light.ttf */ = {isa = PBXFileReference; lastKnownFileType = file; path = "Nunito-Light.ttf"; sourceTree = "<group>"; };
		E5BF06F72AD9FF4C00195F5F /* Nunito-SemiBold.ttf */ = {isa = PBXFileReference; lastKnownFileType = file; path = "Nunito-SemiBold.ttf"; sourceTree = "<group>"; };
		E5BF06FB2AD9FF4C00195F5F /* Nunito-Bold.ttf */ = {isa = PBXFileReference; lastKnownFileType = file; path = "Nunito-Bold.ttf"; sourceTree = "<group>"; };
		E5BF06FC2AD9FF4C00195F5F /* Nunito-Medium.ttf */ = {isa = PBXFileReference; lastKnownFileType = file; path = "Nunito-Medium.ttf"; sourceTree = "<group>"; };
		E5C619732AD196B1007C1EFB /* CAIOSDEV.app */ = {isa = PBXFileReference; explicitFileType = wrapper.application; includeInIndex = 0; path = CAIOSDEV.app; sourceTree = BUILT_PRODUCTS_DIR; };
		E5C619762AD196B1007C1EFB /* AppDelegate.swift */ = {isa = PBXFileReference; lastKnownFileType = sourcecode.swift; path = AppDelegate.swift; sourceTree = "<group>"; };
		E5C619782AD196B1007C1EFB /* SceneDelegate.swift */ = {isa = PBXFileReference; lastKnownFileType = sourcecode.swift; path = SceneDelegate.swift; sourceTree = "<group>"; };
		E5C6197A2AD196B1007C1EFB /* AboutMeViewController.swift */ = {isa = PBXFileReference; lastKnownFileType = sourcecode.swift; path = AboutMeViewController.swift; sourceTree = "<group>"; };
		E5C6197F2AD196B2007C1EFB /* Assets.xcassets */ = {isa = PBXFileReference; lastKnownFileType = folder.assetcatalog; path = Assets.xcassets; sourceTree = "<group>"; };
		E5C619842AD196B2007C1EFB /* Info.plist */ = {isa = PBXFileReference; lastKnownFileType = text.plist.xml; path = Info.plist; sourceTree = "<group>"; };
		E5C6198D2AD1A163007C1EFB /* CareerGoalsViewController.swift */ = {isa = PBXFileReference; lastKnownFileType = sourcecode.swift; path = CareerGoalsViewController.swift; sourceTree = "<group>"; };
		E5C6198F2AD1A173007C1EFB /* EducationViewController.swift */ = {isa = PBXFileReference; lastKnownFileType = sourcecode.swift; path = EducationViewController.swift; sourceTree = "<group>"; };
		E5C619912AD1A185007C1EFB /* ExperienceViewController.swift */ = {isa = PBXFileReference; lastKnownFileType = sourcecode.swift; path = ExperienceViewController.swift; sourceTree = "<group>"; };
		E5C619932AD1A198007C1EFB /* PassionsViewController.swift */ = {isa = PBXFileReference; lastKnownFileType = sourcecode.swift; path = PassionsViewController.swift; sourceTree = "<group>"; };
		E5C619952AD1A4AD007C1EFB /* TabBarViewController.swift */ = {isa = PBXFileReference; lastKnownFileType = sourcecode.swift; path = TabBarViewController.swift; sourceTree = "<group>"; };
		E5C6199F2AD3FBBC007C1EFB /* ContactsSheetViewController.swift */ = {isa = PBXFileReference; lastKnownFileType = sourcecode.swift; path = ContactsSheetViewController.swift; sourceTree = "<group>"; };
		E5C619AC2AD54092007C1EFB /* AboutMeTableViewCell.swift */ = {isa = PBXFileReference; lastKnownFileType = sourcecode.swift; path = AboutMeTableViewCell.swift; sourceTree = "<group>"; };
		E5C619AF2AD554C4007C1EFB /* CustomView.swift */ = {isa = PBXFileReference; lastKnownFileType = sourcecode.swift; path = CustomView.swift; sourceTree = "<group>"; };
		E5C619B52AD58E0E007C1EFB /* LanguagesViewCell.swift */ = {isa = PBXFileReference; lastKnownFileType = sourcecode.swift; path = LanguagesViewCell.swift; sourceTree = "<group>"; };
		E5C619B72AD59739007C1EFB /* LocationViewCell.swift */ = {isa = PBXFileReference; lastKnownFileType = sourcecode.swift; path = LocationViewCell.swift; sourceTree = "<group>"; };
		E5C619B92AD59D04007C1EFB /* Identifiers.swift */ = {isa = PBXFileReference; lastKnownFileType = sourcecode.swift; path = Identifiers.swift; sourceTree = "<group>"; };
		E5C619BB2AD5B811007C1EFB /* SkillsViewCell.swift */ = {isa = PBXFileReference; lastKnownFileType = sourcecode.swift; path = SkillsViewCell.swift; sourceTree = "<group>"; };
		E5C619BD2AD60DBA007C1EFB /* EducationViewCell.swift */ = {isa = PBXFileReference; lastKnownFileType = sourcecode.swift; path = EducationViewCell.swift; sourceTree = "<group>"; };
		E5C619BF2AD612E3007C1EFB /* CertificateViewCell.swift */ = {isa = PBXFileReference; lastKnownFileType = sourcecode.swift; path = CertificateViewCell.swift; sourceTree = "<group>"; };
		E5C619C12AD727D0007C1EFB /* ExperienceViewCell.swift */ = {isa = PBXFileReference; lastKnownFileType = sourcecode.swift; path = ExperienceViewCell.swift; sourceTree = "<group>"; };
		E5FA236D2BE9FDCA00C8FEFA /* SizeManager.swift */ = {isa = PBXFileReference; lastKnownFileType = sourcecode.swift; path = SizeManager.swift; sourceTree = "<group>"; };
/* End PBXFileReference section */

/* Begin PBXFrameworksBuildPhase section */
		E5C619702AD196B1007C1EFB /* Frameworks */ = {
			isa = PBXFrameworksBuildPhase;
			buildActionMask = 2147483647;
			files = (
			);
			runOnlyForDeploymentPostprocessing = 0;
		};
/* End PBXFrameworksBuildPhase section */

/* Begin PBXGroup section */
		E50B0B4B2AE98DC50038DDB4 /* Manager */ = {
			isa = PBXGroup;
			children = (
				E5FA236C2BE9FD8400C8FEFA /* SizeManager */,
				E50B0B4F2AE98F8F0038DDB4 /* Constraints Manager */,
			);
			path = Manager;
			sourceTree = "<group>";
		};
		E50B0B4F2AE98F8F0038DDB4 /* Constraints Manager */ = {
			isa = PBXGroup;
			children = (
				E50B0B502AE98FAC0038DDB4 /* ConstraintsManager.swift */,
				E599174D2AFBC32600B02D60 /* ScreenSizeManager.swift */,
			);
			path = "Constraints Manager";
			sourceTree = "<group>";
		};
		E530C65D2AE94BDE00B91C48 /* LaunchScreen */ = {
			isa = PBXGroup;
			children = (
				E530C65E2AE94C0800B91C48 /* LaunchScreen.swift */,
			);
			path = LaunchScreen;
			sourceTree = "<group>";
		};
		E597B7BE2AEBC59200DC3081 /* Sound Effects */ = {
			isa = PBXGroup;
			children = (
				E597B7C92AEFC67D00DC3081 /* pop-up.wav */,
				E597B7C72AEFC53200DC3081 /* click.wav */,
			);
			path = "Sound Effects";
			sourceTree = "<group>";
		};
		E5B3AEA72AE2EF6900D0A9F5 /* LaunchScreen */ = {
			isa = PBXGroup;
			children = (
				E5B3AEAA2AE2FBB700D0A9F5 /* LaunchScreen.storyboard */,
				E530C6602AE951FD00B91C48 /* LaunchScreenII.storyboard */,
			);
			path = LaunchScreen;
			sourceTree = "<group>";
		};
		E5BF06DA2AD942BD00195F5F /* AboutMeModel */ = {
			isa = PBXGroup;
			children = (
				E5BF06DB2AD942D900195F5F /* AboutMeModel.swift */,
			);
			path = AboutMeModel;
			sourceTree = "<group>";
		};
		E5BF06DD2AD942EB00195F5F /* CareerGoalsModel */ = {
			isa = PBXGroup;
			children = (
				E5BF06DE2AD9430900195F5F /* CareerGoalsModel.swift */,
			);
			path = CareerGoalsModel;
			sourceTree = "<group>";
		};
		E5BF06E02AD9432900195F5F /* EducationModel */ = {
			isa = PBXGroup;
			children = (
				E5BF06E12AD9435700195F5F /* EducationModel.swift */,
			);
			path = EducationModel;
			sourceTree = "<group>";
		};
		E5BF06E32AD9437A00195F5F /* ExperienceModel */ = {
			isa = PBXGroup;
			children = (
				E5BF06E42AD9439800195F5F /* ExperienceModel.swift */,
			);
			path = ExperienceModel;
			sourceTree = "<group>";
		};
		E5BF06E62AD943CF00195F5F /* PassionsModel */ = {
			isa = PBXGroup;
			children = (
				E5BF06E72AD943DF00195F5F /* PassionsModel.swift */,
			);
			path = PassionsModel;
			sourceTree = "<group>";
		};
		E5BF06E92AD9499000195F5F /* ContactsModel */ = {
			isa = PBXGroup;
			children = (
				E5BF06EA2AD9499F00195F5F /* ContactsModel.swift */,
			);
			path = ContactsModel;
			sourceTree = "<group>";
		};
		E5BF06EC2AD9FEF200195F5F /* CustomFonts */ = {
			isa = PBXGroup;
			children = (
				E5BF06EF2AD9FF4B00195F5F /* Nunito-Black.ttf */,
				E5BF06FB2AD9FF4C00195F5F /* Nunito-Bold.ttf */,
				E5BF06F12AD9FF4C00195F5F /* Nunito-ExtraBold.ttf */,
				E5BF06F22AD9FF4C00195F5F /* Nunito-ExtraLight.ttf */,
				E5BF06F52AD9FF4C00195F5F /* Nunito-Light.ttf */,
				E5BF06FC2AD9FF4C00195F5F /* Nunito-Medium.ttf */,
				E5BF06EE2AD9FF4B00195F5F /* Nunito-Regular.ttf */,
				E5BF06F72AD9FF4C00195F5F /* Nunito-SemiBold.ttf */,
			);
			path = CustomFonts;
			sourceTree = "<group>";
		};
		E5C6196A2AD196B1007C1EFB = {
			isa = PBXGroup;
			children = (
				E5C619752AD196B1007C1EFB /* CAIOSDEV */,
				E5C619742AD196B1007C1EFB /* Products */,
			);
			sourceTree = "<group>";
		};
		E5C619742AD196B1007C1EFB /* Products */ = {
			isa = PBXGroup;
			children = (
				E5C619732AD196B1007C1EFB /* CAIOSDEV.app */,
			);
			name = Products;
			sourceTree = "<group>";
		};
		E5C619752AD196B1007C1EFB /* CAIOSDEV */ = {
			isa = PBXGroup;
			children = (
				E5C619762AD196B1007C1EFB /* AppDelegate.swift */,
				E5C619782AD196B1007C1EFB /* SceneDelegate.swift */,
				E5C619842AD196B2007C1EFB /* Info.plist */,
				E50B0B4B2AE98DC50038DDB4 /* Manager */,
				E5C6198A2AD19823007C1EFB /* Model */,
				E5C6198B2AD19833007C1EFB /* View */,
				E5C6198C2AD19843007C1EFB /* Controller */,
			);
			path = CAIOSDEV;
			sourceTree = "<group>";
		};
		E5C6198A2AD19823007C1EFB /* Model */ = {
			isa = PBXGroup;
			children = (
				E597B7BE2AEBC59200DC3081 /* Sound Effects */,
				E5BF06E92AD9499000195F5F /* ContactsModel */,
				E5BF06DA2AD942BD00195F5F /* AboutMeModel */,
				E5BF06DD2AD942EB00195F5F /* CareerGoalsModel */,
				E5BF06E02AD9432900195F5F /* EducationModel */,
				E5BF06E32AD9437A00195F5F /* ExperienceModel */,
				E5BF06E62AD943CF00195F5F /* PassionsModel */,
				E5D15CE32B0CECF600A492EC /* Identifiers */,
			);
			path = Model;
			sourceTree = "<group>";
		};
		E5C6198B2AD19833007C1EFB /* View */ = {
			isa = PBXGroup;
			children = (
				E5C6197F2AD196B2007C1EFB /* Assets.xcassets */,
				E5B3AEA72AE2EF6900D0A9F5 /* LaunchScreen */,
				E5BF06EC2AD9FEF200195F5F /* CustomFonts */,
				E5C619AE2AD55490007C1EFB /* CustomView */,
				E5C619A82AD42A9C007C1EFB /* AboutMe */,
				E5C619A62AD42A83007C1EFB /* Education */,
				E5C619A52AD42A7C007C1EFB /* Experience */,
				E5C619A42AD42A72007C1EFB /* Passions */,
			);
			path = View;
			sourceTree = "<group>";
		};
		E5C6198C2AD19843007C1EFB /* Controller */ = {
			isa = PBXGroup;
			children = (
				E530C65D2AE94BDE00B91C48 /* LaunchScreen */,
				E5C619A12AD4272A007C1EFB /* Contacts */,
				E5C619972AD1A4C0007C1EFB /* TabBar */,
				E5C619982AD1A4D0007C1EFB /* AboutMe */,
				E5C619992AD1A4DE007C1EFB /* CareerGoals */,
				E5C6199A2AD1A4EE007C1EFB /* Education */,
				E5C6199B2AD1A4FA007C1EFB /* Experience */,
				E5C6199C2AD1A50A007C1EFB /* Passions */,
			);
			path = Controller;
			sourceTree = "<group>";
		};
		E5C619972AD1A4C0007C1EFB /* TabBar */ = {
			isa = PBXGroup;
			children = (
				E5C619952AD1A4AD007C1EFB /* TabBarViewController.swift */,
			);
			path = TabBar;
			sourceTree = "<group>";
		};
		E5C619982AD1A4D0007C1EFB /* AboutMe */ = {
			isa = PBXGroup;
			children = (
				E5C6197A2AD196B1007C1EFB /* AboutMeViewController.swift */,
			);
			path = AboutMe;
			sourceTree = "<group>";
		};
		E5C619992AD1A4DE007C1EFB /* CareerGoals */ = {
			isa = PBXGroup;
			children = (
				E5C6198D2AD1A163007C1EFB /* CareerGoalsViewController.swift */,
			);
			path = CareerGoals;
			sourceTree = "<group>";
		};
		E5C6199A2AD1A4EE007C1EFB /* Education */ = {
			isa = PBXGroup;
			children = (
				E5C6198F2AD1A173007C1EFB /* EducationViewController.swift */,
			);
			path = Education;
			sourceTree = "<group>";
		};
		E5C6199B2AD1A4FA007C1EFB /* Experience */ = {
			isa = PBXGroup;
			children = (
				E5C619912AD1A185007C1EFB /* ExperienceViewController.swift */,
			);
			path = Experience;
			sourceTree = "<group>";
		};
		E5C6199C2AD1A50A007C1EFB /* Passions */ = {
			isa = PBXGroup;
			children = (
				E5C619932AD1A198007C1EFB /* PassionsViewController.swift */,
			);
			path = Passions;
			sourceTree = "<group>";
		};
		E5C619A12AD4272A007C1EFB /* Contacts */ = {
			isa = PBXGroup;
			children = (
				E5C6199F2AD3FBBC007C1EFB /* ContactsSheetViewController.swift */,
				E596E67C2AF91F3A00151415 /* CustomButton.swift */,
				E596E67E2AF9225600151415 /* CustomButtonAttributedText.swift */,
			);
			path = Contacts;
			sourceTree = "<group>";
		};
		E5C619A42AD42A72007C1EFB /* Passions */ = {
			isa = PBXGroup;
			children = (
				E57B35942ADEDCF200F037DC /* PassionsViewCell.swift */,
			);
			path = Passions;
			sourceTree = "<group>";
		};
		E5C619A52AD42A7C007C1EFB /* Experience */ = {
			isa = PBXGroup;
			children = (
				E5C619C12AD727D0007C1EFB /* ExperienceViewCell.swift */,
			);
			path = Experience;
			sourceTree = "<group>";
		};
		E5C619A62AD42A83007C1EFB /* Education */ = {
			isa = PBXGroup;
			children = (
				E585E1842B18ED60001B7B11 /* MyEducationViewCell.swift */,
				E5C619BD2AD60DBA007C1EFB /* EducationViewCell.swift */,
				E57B35982AE1390500F037DC /* MyCertificatesViewCell.swift */,
				E5C619BF2AD612E3007C1EFB /* CertificateViewCell.swift */,
				E5C619BB2AD5B811007C1EFB /* SkillsViewCell.swift */,
			);
			path = Education;
			sourceTree = "<group>";
		};
		E5C619A82AD42A9C007C1EFB /* AboutMe */ = {
			isa = PBXGroup;
			children = (
				E5C619AC2AD54092007C1EFB /* AboutMeTableViewCell.swift */,
				E5C619B52AD58E0E007C1EFB /* LanguagesViewCell.swift */,
				E5C619B72AD59739007C1EFB /* LocationViewCell.swift */,
			);
			path = AboutMe;
			sourceTree = "<group>";
		};
		E5C619AE2AD55490007C1EFB /* CustomView */ = {
			isa = PBXGroup;
			children = (
				E5C619AF2AD554C4007C1EFB /* CustomView.swift */,
			);
			path = CustomView;
			sourceTree = "<group>";
		};
		E5D15CE32B0CECF600A492EC /* Identifiers */ = {
			isa = PBXGroup;
			children = (
				E5C619B92AD59D04007C1EFB /* Identifiers.swift */,
			);
			path = Identifiers;
			sourceTree = "<group>";
		};
		E5FA236C2BE9FD8400C8FEFA /* SizeManager */ = {
			isa = PBXGroup;
			children = (
				E5FA236D2BE9FDCA00C8FEFA /* SizeManager.swift */,
			);
			path = SizeManager;
			sourceTree = "<group>";
		};
/* End PBXGroup section */

/* Begin PBXNativeTarget section */
		E5C619722AD196B1007C1EFB /* CAIOSDEV */ = {
			isa = PBXNativeTarget;
			buildConfigurationList = E5C619872AD196B2007C1EFB /* Build configuration list for PBXNativeTarget "CAIOSDEV" */;
			buildPhases = (
				E5C6196F2AD196B1007C1EFB /* Sources */,
				E5C619702AD196B1007C1EFB /* Frameworks */,
				E5C619712AD196B1007C1EFB /* Resources */,
			);
			buildRules = (
			);
			dependencies = (
			);
			name = CAIOSDEV;
			packageProductDependencies = (
			);
			productName = "Caiosdev-Resume";
			productReference = E5C619732AD196B1007C1EFB /* CAIOSDEV.app */;
			productType = "com.apple.product-type.application";
		};
/* End PBXNativeTarget section */

/* Begin PBXProject section */
		E5C6196B2AD196B1007C1EFB /* Project object */ = {
			isa = PBXProject;
			attributes = {
				BuildIndependentTargetsInParallel = 1;
				LastSwiftUpdateCheck = 1500;
				LastUpgradeCheck = 1500;
				TargetAttributes = {
					E5C619722AD196B1007C1EFB = {
						CreatedOnToolsVersion = 15.0;
					};
				};
			};
			buildConfigurationList = E5C6196E2AD196B1007C1EFB /* Build configuration list for PBXProject "CAIOSDEV" */;
			compatibilityVersion = "Xcode 14.0";
			developmentRegion = en;
			hasScannedForEncodings = 0;
			knownRegions = (
				en,
				Base,
			);
			mainGroup = E5C6196A2AD196B1007C1EFB;
			packageReferences = (
			);
			productRefGroup = E5C619742AD196B1007C1EFB /* Products */;
			projectDirPath = "";
			projectRoot = "";
			targets = (
				E5C619722AD196B1007C1EFB /* CAIOSDEV */,
			);
		};
/* End PBXProject section */

/* Begin PBXResourcesBuildPhase section */
		E5C619712AD196B1007C1EFB /* Resources */ = {
			isa = PBXResourcesBuildPhase;
			buildActionMask = 2147483647;
			files = (
				E5BF07072AD9FF4C00195F5F /* Nunito-SemiBold.ttf in Resources */,
				E597B7C82AEFC53300DC3081 /* click.wav in Resources */,
				E5BF06FF2AD9FF4C00195F5F /* Nunito-Black.ttf in Resources */,
				E597B7CA2AEFC67D00DC3081 /* pop-up.wav in Resources */,
				E530C6612AE951FD00B91C48 /* LaunchScreenII.storyboard in Resources */,
				E5BF07052AD9FF4C00195F5F /* Nunito-Light.ttf in Resources */,
				E5B3AEAB2AE2FBB700D0A9F5 /* LaunchScreen.storyboard in Resources */,
				E5BF070C2AD9FF4C00195F5F /* Nunito-Medium.ttf in Resources */,
				E5BF06FE2AD9FF4C00195F5F /* Nunito-Regular.ttf in Resources */,
				E5BF070B2AD9FF4C00195F5F /* Nunito-Bold.ttf in Resources */,
				E5C619802AD196B2007C1EFB /* Assets.xcassets in Resources */,
				E5BF07012AD9FF4C00195F5F /* Nunito-ExtraBold.ttf in Resources */,
				E5BF07022AD9FF4C00195F5F /* Nunito-ExtraLight.ttf in Resources */,
			);
			runOnlyForDeploymentPostprocessing = 0;
		};
/* End PBXResourcesBuildPhase section */

/* Begin PBXSourcesBuildPhase section */
		E5C6196F2AD196B1007C1EFB /* Sources */ = {
			isa = PBXSourcesBuildPhase;
			buildActionMask = 2147483647;
			files = (
				E530C65F2AE94C0800B91C48 /* LaunchScreen.swift in Sources */,
				E5C619AD2AD54092007C1EFB /* AboutMeTableViewCell.swift in Sources */,
				E5BF06DF2AD9430900195F5F /* CareerGoalsModel.swift in Sources */,
				E5C619BC2AD5B811007C1EFB /* SkillsViewCell.swift in Sources */,
				E5BF06E22AD9435700195F5F /* EducationModel.swift in Sources */,
				E57B35952ADEDCF200F037DC /* PassionsViewCell.swift in Sources */,
				E5C619B62AD58E0E007C1EFB /* LanguagesViewCell.swift in Sources */,
				E5C619962AD1A4AD007C1EFB /* TabBarViewController.swift in Sources */,
				E5C619B82AD59739007C1EFB /* LocationViewCell.swift in Sources */,
				E5C619922AD1A185007C1EFB /* ExperienceViewController.swift in Sources */,
				E57B35992AE1390500F037DC /* MyCertificatesViewCell.swift in Sources */,
				E596E67D2AF91F3A00151415 /* CustomButton.swift in Sources */,
				E5C619C22AD727D1007C1EFB /* ExperienceViewCell.swift in Sources */,
				E5FA236E2BE9FDCA00C8FEFA /* SizeManager.swift in Sources */,
				E5C6197B2AD196B1007C1EFB /* AboutMeViewController.swift in Sources */,
				E5C619BA2AD59D04007C1EFB /* Identifiers.swift in Sources */,
				E5C6198E2AD1A163007C1EFB /* CareerGoalsViewController.swift in Sources */,
				E5C619772AD196B1007C1EFB /* AppDelegate.swift in Sources */,
				E585E1852B18ED60001B7B11 /* MyEducationViewCell.swift in Sources */,
				E5C619902AD1A173007C1EFB /* EducationViewController.swift in Sources */,
				E5C619942AD1A198007C1EFB /* PassionsViewController.swift in Sources */,
				E5C619BE2AD60DBA007C1EFB /* EducationViewCell.swift in Sources */,
				E5C619B02AD554C4007C1EFB /* CustomView.swift in Sources */,
				E5BF06E82AD943DF00195F5F /* PassionsModel.swift in Sources */,
				E5C619A02AD3FBBC007C1EFB /* ContactsSheetViewController.swift in Sources */,
				E50B0B512AE98FAC0038DDB4 /* ConstraintsManager.swift in Sources */,
				E5BF06E52AD9439800195F5F /* ExperienceModel.swift in Sources */,
				E5C619C02AD612E3007C1EFB /* CertificateViewCell.swift in Sources */,
				E5C619792AD196B1007C1EFB /* SceneDelegate.swift in Sources */,
				E599174E2AFBC32600B02D60 /* ScreenSizeManager.swift in Sources */,
				E5BF06EB2AD9499F00195F5F /* ContactsModel.swift in Sources */,
				E596E67F2AF9225600151415 /* CustomButtonAttributedText.swift in Sources */,
				E5BF06DC2AD942D900195F5F /* AboutMeModel.swift in Sources */,
			);
			runOnlyForDeploymentPostprocessing = 0;
		};
/* End PBXSourcesBuildPhase section */

/* Begin XCBuildConfiguration section */
		E5C619852AD196B2007C1EFB /* Debug */ = {
			isa = XCBuildConfiguration;
			buildSettings = {
				ALWAYS_SEARCH_USER_PATHS = NO;
				ASSETCATALOG_COMPILER_GENERATE_SWIFT_ASSET_SYMBOL_EXTENSIONS = YES;
				CLANG_ANALYZER_NONNULL = YES;
				CLANG_ANALYZER_NUMBER_OBJECT_CONVERSION = YES_AGGRESSIVE;
				CLANG_CXX_LANGUAGE_STANDARD = "gnu++20";
				CLANG_ENABLE_MODULES = YES;
				CLANG_ENABLE_OBJC_ARC = YES;
				CLANG_ENABLE_OBJC_WEAK = YES;
				CLANG_WARN_BLOCK_CAPTURE_AUTORELEASING = YES;
				CLANG_WARN_BOOL_CONVERSION = YES;
				CLANG_WARN_COMMA = YES;
				CLANG_WARN_CONSTANT_CONVERSION = YES;
				CLANG_WARN_DEPRECATED_OBJC_IMPLEMENTATIONS = YES;
				CLANG_WARN_DIRECT_OBJC_ISA_USAGE = YES_ERROR;
				CLANG_WARN_DOCUMENTATION_COMMENTS = YES;
				CLANG_WARN_EMPTY_BODY = YES;
				CLANG_WARN_ENUM_CONVERSION = YES;
				CLANG_WARN_INFINITE_RECURSION = YES;
				CLANG_WARN_INT_CONVERSION = YES;
				CLANG_WARN_NON_LITERAL_NULL_CONVERSION = YES;
				CLANG_WARN_OBJC_IMPLICIT_RETAIN_SELF = YES;
				CLANG_WARN_OBJC_LITERAL_CONVERSION = YES;
				CLANG_WARN_OBJC_ROOT_CLASS = YES_ERROR;
				CLANG_WARN_QUOTED_INCLUDE_IN_FRAMEWORK_HEADER = YES;
				CLANG_WARN_RANGE_LOOP_ANALYSIS = YES;
				CLANG_WARN_STRICT_PROTOTYPES = YES;
				CLANG_WARN_SUSPICIOUS_MOVE = YES;
				CLANG_WARN_UNGUARDED_AVAILABILITY = YES_AGGRESSIVE;
				CLANG_WARN_UNREACHABLE_CODE = YES;
				CLANG_WARN__DUPLICATE_METHOD_MATCH = YES;
				COPY_PHASE_STRIP = NO;
				DEBUG_INFORMATION_FORMAT = dwarf;
				ENABLE_STRICT_OBJC_MSGSEND = YES;
				ENABLE_TESTABILITY = YES;
				ENABLE_USER_SCRIPT_SANDBOXING = YES;
				GCC_C_LANGUAGE_STANDARD = gnu17;
				GCC_DYNAMIC_NO_PIC = NO;
				GCC_NO_COMMON_BLOCKS = YES;
				GCC_OPTIMIZATION_LEVEL = 0;
				GCC_PREPROCESSOR_DEFINITIONS = (
					"DEBUG=1",
					"$(inherited)",
				);
				GCC_WARN_64_TO_32_BIT_CONVERSION = YES;
				GCC_WARN_ABOUT_RETURN_TYPE = YES_ERROR;
				GCC_WARN_UNDECLARED_SELECTOR = YES;
				GCC_WARN_UNINITIALIZED_AUTOS = YES_AGGRESSIVE;
				GCC_WARN_UNUSED_FUNCTION = YES;
				GCC_WARN_UNUSED_VARIABLE = YES;
				IPHONEOS_DEPLOYMENT_TARGET = 17.0;
				LOCALIZATION_PREFERS_STRING_CATALOGS = YES;
				MTL_ENABLE_DEBUG_INFO = INCLUDE_SOURCE;
				MTL_FAST_MATH = YES;
				ONLY_ACTIVE_ARCH = YES;
				SDKROOT = iphoneos;
				SWIFT_ACTIVE_COMPILATION_CONDITIONS = "DEBUG $(inherited)";
				SWIFT_OPTIMIZATION_LEVEL = "-Onone";
			};
			name = Debug;
		};
		E5C619862AD196B2007C1EFB /* Release */ = {
			isa = XCBuildConfiguration;
			buildSettings = {
				ALWAYS_SEARCH_USER_PATHS = NO;
				ASSETCATALOG_COMPILER_GENERATE_SWIFT_ASSET_SYMBOL_EXTENSIONS = YES;
				CLANG_ANALYZER_NONNULL = YES;
				CLANG_ANALYZER_NUMBER_OBJECT_CONVERSION = YES_AGGRESSIVE;
				CLANG_CXX_LANGUAGE_STANDARD = "gnu++20";
				CLANG_ENABLE_MODULES = YES;
				CLANG_ENABLE_OBJC_ARC = YES;
				CLANG_ENABLE_OBJC_WEAK = YES;
				CLANG_WARN_BLOCK_CAPTURE_AUTORELEASING = YES;
				CLANG_WARN_BOOL_CONVERSION = YES;
				CLANG_WARN_COMMA = YES;
				CLANG_WARN_CONSTANT_CONVERSION = YES;
				CLANG_WARN_DEPRECATED_OBJC_IMPLEMENTATIONS = YES;
				CLANG_WARN_DIRECT_OBJC_ISA_USAGE = YES_ERROR;
				CLANG_WARN_DOCUMENTATION_COMMENTS = YES;
				CLANG_WARN_EMPTY_BODY = YES;
				CLANG_WARN_ENUM_CONVERSION = YES;
				CLANG_WARN_INFINITE_RECURSION = YES;
				CLANG_WARN_INT_CONVERSION = YES;
				CLANG_WARN_NON_LITERAL_NULL_CONVERSION = YES;
				CLANG_WARN_OBJC_IMPLICIT_RETAIN_SELF = YES;
				CLANG_WARN_OBJC_LITERAL_CONVERSION = YES;
				CLANG_WARN_OBJC_ROOT_CLASS = YES_ERROR;
				CLANG_WARN_QUOTED_INCLUDE_IN_FRAMEWORK_HEADER = YES;
				CLANG_WARN_RANGE_LOOP_ANALYSIS = YES;
				CLANG_WARN_STRICT_PROTOTYPES = YES;
				CLANG_WARN_SUSPICIOUS_MOVE = YES;
				CLANG_WARN_UNGUARDED_AVAILABILITY = YES_AGGRESSIVE;
				CLANG_WARN_UNREACHABLE_CODE = YES;
				CLANG_WARN__DUPLICATE_METHOD_MATCH = YES;
				COPY_PHASE_STRIP = NO;
				DEBUG_INFORMATION_FORMAT = "dwarf-with-dsym";
				ENABLE_NS_ASSERTIONS = NO;
				ENABLE_STRICT_OBJC_MSGSEND = YES;
				ENABLE_USER_SCRIPT_SANDBOXING = YES;
				GCC_C_LANGUAGE_STANDARD = gnu17;
				GCC_NO_COMMON_BLOCKS = YES;
				GCC_WARN_64_TO_32_BIT_CONVERSION = YES;
				GCC_WARN_ABOUT_RETURN_TYPE = YES_ERROR;
				GCC_WARN_UNDECLARED_SELECTOR = YES;
				GCC_WARN_UNINITIALIZED_AUTOS = YES_AGGRESSIVE;
				GCC_WARN_UNUSED_FUNCTION = YES;
				GCC_WARN_UNUSED_VARIABLE = YES;
				IPHONEOS_DEPLOYMENT_TARGET = 17.0;
				LOCALIZATION_PREFERS_STRING_CATALOGS = YES;
				MTL_ENABLE_DEBUG_INFO = NO;
				MTL_FAST_MATH = YES;
				SDKROOT = iphoneos;
				SWIFT_COMPILATION_MODE = wholemodule;
				VALIDATE_PRODUCT = YES;
			};
			name = Release;
		};
		E5C619882AD196B2007C1EFB /* Debug */ = {
			isa = XCBuildConfiguration;
			buildSettings = {
				ASSETCATALOG_COMPILER_APPICON_NAME = AppIcon;
				ASSETCATALOG_COMPILER_GLOBAL_ACCENT_COLOR_NAME = AccentColor;
				ASSETCATALOG_COMPILER_INCLUDE_ALL_APPICON_ASSETS = YES;
				CODE_SIGN_STYLE = Automatic;
				CURRENT_PROJECT_VERSION = 1;
				DEVELOPMENT_TEAM = YTSF56Z2B5;
				GENERATE_INFOPLIST_FILE = YES;
				INFOPLIST_FILE = CAIOSDEV/Info.plist;
				INFOPLIST_KEY_CFBundleDisplayName = CAIOSDEV;
				INFOPLIST_KEY_LSApplicationCategoryType = "public.app-category.social-networking";
				INFOPLIST_KEY_UIApplicationSupportsIndirectInputEvents = YES;
				INFOPLIST_KEY_UILaunchStoryboardName = LaunchScreen.storyboard;
				INFOPLIST_KEY_UIMainStoryboardFile = LaunchScreenII;
				INFOPLIST_KEY_UISupportedInterfaceOrientations = UIInterfaceOrientationPortrait;
				IPHONEOS_DEPLOYMENT_TARGET = 15.0;
				LD_RUNPATH_SEARCH_PATHS = (
					"$(inherited)",
					"@executable_path/Frameworks",
				);
				MARKETING_VERSION = 1.0;
				PRODUCT_BUNDLE_IDENTIFIER = co.caiochaves.CAIOSDEVAPP;
				PRODUCT_NAME = "$(TARGET_NAME)";
				SUPPORTED_PLATFORMS = "iphoneos iphonesimulator";
				SUPPORTS_MACCATALYST = NO;
				SUPPORTS_MAC_DESIGNED_FOR_IPHONE_IPAD = NO;
				SWIFT_EMIT_LOC_STRINGS = YES;
				SWIFT_VERSION = 5.0;
				TARGETED_DEVICE_FAMILY = 1;
			};
			name = Debug;
		};
		E5C619892AD196B2007C1EFB /* Release */ = {
			isa = XCBuildConfiguration;
			buildSettings = {
				ASSETCATALOG_COMPILER_APPICON_NAME = AppIcon;
				ASSETCATALOG_COMPILER_GLOBAL_ACCENT_COLOR_NAME = AccentColor;
				ASSETCATALOG_COMPILER_INCLUDE_ALL_APPICON_ASSETS = YES;
				CODE_SIGN_STYLE = Automatic;
				CURRENT_PROJECT_VERSION = 1;
				DEVELOPMENT_TEAM = YTSF56Z2B5;
				GENERATE_INFOPLIST_FILE = YES;
				INFOPLIST_FILE = CAIOSDEV/Info.plist;
				INFOPLIST_KEY_CFBundleDisplayName = CAIOSDEV;
				INFOPLIST_KEY_LSApplicationCategoryType = "public.app-category.social-networking";
				INFOPLIST_KEY_UIApplicationSupportsIndirectInputEvents = YES;
				INFOPLIST_KEY_UILaunchStoryboardName = LaunchScreen.storyboard;
				INFOPLIST_KEY_UIMainStoryboardFile = LaunchScreenII;
				INFOPLIST_KEY_UISupportedInterfaceOrientations = UIInterfaceOrientationPortrait;
				IPHONEOS_DEPLOYMENT_TARGET = 15.0;
				LD_RUNPATH_SEARCH_PATHS = (
					"$(inherited)",
					"@executable_path/Frameworks",
				);
				MARKETING_VERSION = 1.0;
				PRODUCT_BUNDLE_IDENTIFIER = co.caiochaves.CAIOSDEVAPP;
				PRODUCT_NAME = "$(TARGET_NAME)";
				SUPPORTED_PLATFORMS = "iphoneos iphonesimulator";
				SUPPORTS_MACCATALYST = NO;
				SUPPORTS_MAC_DESIGNED_FOR_IPHONE_IPAD = NO;
				SWIFT_EMIT_LOC_STRINGS = YES;
				SWIFT_VERSION = 5.0;
				TARGETED_DEVICE_FAMILY = 1;
			};
			name = Release;
		};
/* End XCBuildConfiguration section */

/* Begin XCConfigurationList section */
		E5C6196E2AD196B1007C1EFB /* Build configuration list for PBXProject "CAIOSDEV" */ = {
			isa = XCConfigurationList;
			buildConfigurations = (
				E5C619852AD196B2007C1EFB /* Debug */,
				E5C619862AD196B2007C1EFB /* Release */,
			);
			defaultConfigurationIsVisible = 0;
			defaultConfigurationName = Release;
		};
		E5C619872AD196B2007C1EFB /* Build configuration list for PBXNativeTarget "CAIOSDEV" */ = {
			isa = XCConfigurationList;
			buildConfigurations = (
				E5C619882AD196B2007C1EFB /* Debug */,
				E5C619892AD196B2007C1EFB /* Release */,
			);
			defaultConfigurationIsVisible = 0;
			defaultConfigurationName = Release;
		};
/* End XCConfigurationList section */
	};
	rootObject = E5C6196B2AD196B1007C1EFB /* Project object */;
}
